# APL-LNX-008 AppImage build-only toolchain lock.
# Network locations are convenience mirrors; SHA-256 values are the trust boundary.
APPIMAGETOOL_VERSION=1.9.1
APPIMAGETOOL_URL=https://github.com/AppImage/appimagetool/releases/download/1.9.1/appimagetool-x86_64.AppImage
APPIMAGETOOL_SHA256=ed4ce84f0d9caff66f50bcca6ff6f35aae54ce8135408b3fa33abfc3cb384eb0
APPIMAGE_RUNTIME_SOURCE_COMMIT=75849dce7cc37e4319b633df1f116ca895c71a12
APPIMAGE_RUNTIME_URL=https://github.com/AppImage/type2-runtime/releases/download/continuous/runtime-x86_64
APPIMAGE_RUNTIME_SHA256=1cc49bcf1e2ccd593c379adb17c9f85a36d619088296504de95b1d06215aebbf
APPIMAGE_RUNTIME_REPOSITORY=https://github.com/AppImage/type2-runtime.git
LIBFUSE_VERSION=3.15.0
LIBFUSE_SOURCE_URL=https://github.com/libfuse/libfuse/releases/download/fuse-3.15.0/fuse-3.15.0.tar.xz
LIBFUSE_SOURCE_SHA256=70589cfd5e1cff7ccd6ac91c86c01be340b227285c5e200baa284e401eea2ca0
SQUASHFUSE_VERSION=0.5.2
SQUASHFUSE_SOURCE_URL=https://github.com/vasi/squashfuse/archive/0.5.2.tar.gz
SQUASHFUSE_SOURCE_SHA256=db0238c5981dabbd80ee09ae15387f390091668ca060a7bc38047912491443d3
MIMALLOC_NOTICE_VERSION=2.1.7
